// !$*UTF8*$!
{
	archiveVersion = 1;
	classes = {
	};
	objectVersion = 50;
	objects = {

/* Begin PBXBuildFile section */
		0F3F9B122547825D00FB9477 /* UserData.swift in Sources */ = {isa = PBXBuildFile; fileRef = 0F3F9B112547825D00FB9477 /* UserData.swift */; };
		0F3F9B172547832100FB9477 /* ExerciseEditor.swift in Sources */ = {isa = PBXBuildFile; fileRef = 0F3F9B162547832100FB9477 /* ExerciseEditor.swift */; };
		0F743A002548F88F00FAA9D5 /* ImagePicker.swift in Sources */ = {isa = PBXBuildFile; fileRef = 0F7439FF2548F88F00FAA9D5 /* ImagePicker.swift */; };
		0F8689C12547377200FE85B9 /* PraxiApp.swift in Sources */ = {isa = PBXBuildFile; fileRef = 0F8689C02547377200FE85B9 /* PraxiApp.swift */; };
		0F8689C32547377200FE85B9 /* ContentView.swift in Sources */ = {isa = PBXBuildFile; fileRef = 0F8689C22547377200FE85B9 /* ContentView.swift */; };
		0F8689C52547377300FE85B9 /* Assets.xcassets in Resources */ = {isa = PBXBuildFile; fileRef = 0F8689C42547377300FE85B9 /* Assets.xcassets */; };
		0F8689C82547377300FE85B9 /* Preview Assets.xcassets in Resources */ = {isa = PBXBuildFile; fileRef = 0F8689C72547377300FE85B9 /* Preview Assets.xcassets */; };
		0F8689D32547377300FE85B9 /* PraxiTests.swift in Sources */ = {isa = PBXBuildFile; fileRef = 0F8689D22547377300FE85B9 /* PraxiTests.swift */; };
		0F8689DE2547377300FE85B9 /* PraxiUITests.swift in Sources */ = {isa = PBXBuildFile; fileRef = 0F8689DD2547377300FE85B9 /* PraxiUITests.swift */; };
		0F8689F02547381200FE85B9 /* ExerciseHost.swift in Sources */ = {isa = PBXBuildFile; fileRef = 0F8689EF2547381200FE85B9 /* ExerciseHost.swift */; };
		0F8689FB2547511A00FE85B9 /* Exercise.swift in Sources */ = {isa = PBXBuildFile; fileRef = 0F8689FA2547511A00FE85B9 /* Exercise.swift */; };
		0FFEE4F725475AAF00482339 /* ExerciseSummary.swift in Sources */ = {isa = PBXBuildFile; fileRef = 0FFEE4F625475AAF00482339 /* ExerciseSummary.swift */; };
/* End PBXBuildFile section */

/* Begin PBXContainerItemProxy section */
		0F8689CF2547377300FE85B9 /* PBXContainerItemProxy */ = {
			isa = PBXContainerItemProxy;
			containerPortal = 0F8689B52547377200FE85B9 /* Project object */;
			proxyType = 1;
			remoteGlobalIDString = 0F8689BC2547377200FE85B9;
			remoteInfo = Praxi;
		};
		0F8689DA2547377300FE85B9 /* PBXContainerItemProxy */ = {
			isa = PBXContainerItemProxy;
			containerPortal = 0F8689B52547377200FE85B9 /* Project object */;
			proxyType = 1;
			remoteGlobalIDString = 0F8689BC2547377200FE85B9;
			remoteInfo = Praxi;
		};
/* End PBXContainerItemProxy section */

/* Begin PBXFileReference section */
		0F3F9B112547825D00FB9477 /* UserData.swift */ = {isa = PBXFileReference; lastKnownFileType = sourcecode.swift; path = UserData.swift; sourceTree = "<group>"; };
		0F3F9B162547832100FB9477 /* ExerciseEditor.swift */ = {isa = PBXFileReference; lastKnownFileType = sourcecode.swift; path = ExerciseEditor.swift; sourceTree = "<group>"; };
		0F7439FF2548F88F00FAA9D5 /* ImagePicker.swift */ = {isa = PBXFileReference; lastKnownFileType = sourcecode.swift; path = ImagePicker.swift; sourceTree = "<group>"; };
		0F8689BD2547377200FE85B9 /* Praxi.app */ = {isa = PBXFileReference; explicitFileType = wrapper.application; includeInIndex = 0; path = Praxi.app; sourceTree = BUILT_PRODUCTS_DIR; };
		0F8689C02547377200FE85B9 /* PraxiApp.swift */ = {isa = PBXFileReference; lastKnownFileType = sourcecode.swift; path = PraxiApp.swift; sourceTree = "<group>"; };
		0F8689C22547377200FE85B9 /* ContentView.swift */ = {isa = PBXFileReference; lastKnownFileType = sourcecode.swift; path = ContentView.swift; sourceTree = "<group>"; };
		0F8689C42547377300FE85B9 /* Assets.xcassets */ = {isa = PBXFileReference; lastKnownFileType = folder.assetcatalog; path = Assets.xcassets; sourceTree = "<group>"; };
		0F8689C72547377300FE85B9 /* Preview Assets.xcassets */ = {isa = PBXFileReference; lastKnownFileType = folder.assetcatalog; path = "Preview Assets.xcassets"; sourceTree = "<group>"; };
		0F8689C92547377300FE85B9 /* Info.plist */ = {isa = PBXFileReference; lastKnownFileType = text.plist.xml; path = Info.plist; sourceTree = "<group>"; };
		0F8689CE2547377300FE85B9 /* PraxiTests.xctest */ = {isa = PBXFileReference; explicitFileType = wrapper.cfbundle; includeInIndex = 0; path = PraxiTests.xctest; sourceTree = BUILT_PRODUCTS_DIR; };
		0F8689D22547377300FE85B9 /* PraxiTests.swift */ = {isa = PBXFileReference; lastKnownFileType = sourcecode.swift; path = PraxiTests.swift; sourceTree = "<group>"; };
		0F8689D42547377300FE85B9 /* Info.plist */ = {isa = PBXFileReference; lastKnownFileType = text.plist.xml; path = Info.plist; sourceTree = "<group>"; };
		0F8689D92547377300FE85B9 /* PraxiUITests.xctest */ = {isa = PBXFileReference; explicitFileType = wrapper.cfbundle; includeInIndex = 0; path = PraxiUITests.xctest; sourceTree = BUILT_PRODUCTS_DIR; };
		0F8689DD2547377300FE85B9 /* PraxiUITests.swift */ = {isa = PBXFileReference; lastKnownFileType = sourcecode.swift; path = PraxiUITests.swift; sourceTree = "<group>"; };
		0F8689DF2547377300FE85B9 /* Info.plist */ = {isa = PBXFileReference; lastKnownFileType = text.plist.xml; path = Info.plist; sourceTree = "<group>"; };
		0F8689EF2547381200FE85B9 /* ExerciseHost.swift */ = {isa = PBXFileReference; lastKnownFileType = sourcecode.swift; path = ExerciseHost.swift; sourceTree = "<group>"; };
		0F8689FA2547511A00FE85B9 /* Exercise.swift */ = {isa = PBXFileReference; lastKnownFileType = sourcecode.swift; path = Exercise.swift; sourceTree = "<group>"; };
		0FFEE4F625475AAF00482339 /* ExerciseSummary.swift */ = {isa = PBXFileReference; lastKnownFileType = sourcecode.swift; path = ExerciseSummary.swift; sourceTree = "<group>"; };
/* End PBXFileReference section */

/* Begin PBXFrameworksBuildPhase section */
		0F8689BA2547377200FE85B9 /* Frameworks */ = {
			isa = PBXFrameworksBuildPhase;
			buildActionMask = 2147483647;
			files = (
			);
			runOnlyForDeploymentPostprocessing = 0;
		};
		0F8689CB2547377300FE85B9 /* Frameworks */ = {
			isa = PBXFrameworksBuildPhase;
			buildActionMask = 2147483647;
			files = (
			);
			runOnlyForDeploymentPostprocessing = 0;
		};
		0F8689D62547377300FE85B9 /* Frameworks */ = {
			isa = PBXFrameworksBuildPhase;
			buildActionMask = 2147483647;
			files = (
			);
			runOnlyForDeploymentPostprocessing = 0;
		};
/* End PBXFrameworksBuildPhase section */

/* Begin PBXGroup section */
		0F8689B42547377200FE85B9 = {
			isa = PBXGroup;
			children = (
				0F8689BF2547377200FE85B9 /* Praxi */,
				0F8689D12547377300FE85B9 /* PraxiTests */,
				0F8689DC2547377300FE85B9 /* PraxiUITests */,
				0F8689BE2547377200FE85B9 /* Products */,
			);
			sourceTree = "<group>";
		};
		0F8689BE2547377200FE85B9 /* Products */ = {
			isa = PBXGroup;
			children = (
				0F8689BD2547377200FE85B9 /* Praxi.app */,
				0F8689CE2547377300FE85B9 /* PraxiTests.xctest */,
				0F8689D92547377300FE85B9 /* PraxiUITests.xctest */,
			);
			name = Products;
			sourceTree = "<group>";
		};
		0F8689BF2547377200FE85B9 /* Praxi */ = {
			isa = PBXGroup;
			children = (
				0F868A00254751C700FE85B9 /* Models */,
				0F8689EE254737FE00FE85B9 /* Exercise */,
				0F8689C02547377200FE85B9 /* PraxiApp.swift */,
				0F8689C22547377200FE85B9 /* ContentView.swift */,
				0F8689C42547377300FE85B9 /* Assets.xcassets */,
				0F8689C92547377300FE85B9 /* Info.plist */,
				0F8689C62547377300FE85B9 /* Preview Content */,
			);
			path = Praxi;
			sourceTree = "<group>";
		};
		0F8689C62547377300FE85B9 /* Preview Content */ = {
			isa = PBXGroup;
			children = (
				0F8689C72547377300FE85B9 /* Preview Assets.xcassets */,
			);
			path = "Preview Content";
			sourceTree = "<group>";
		};
		0F8689D12547377300FE85B9 /* PraxiTests */ = {
			isa = PBXGroup;
			children = (
				0F8689D22547377300FE85B9 /* PraxiTests.swift */,
				0F8689D42547377300FE85B9 /* Info.plist */,
			);
			path = PraxiTests;
			sourceTree = "<group>";
		};
		0F8689DC2547377300FE85B9 /* PraxiUITests */ = {
			isa = PBXGroup;
			children = (
				0F8689DD2547377300FE85B9 /* PraxiUITests.swift */,
				0F8689DF2547377300FE85B9 /* Info.plist */,
			);
			path = PraxiUITests;
			sourceTree = "<group>";
		};
		0F8689EE254737FE00FE85B9 /* Exercise */ = {
			isa = PBXGroup;
			children = (
				0F8689EF2547381200FE85B9 /* ExerciseHost.swift */,
				0FFEE4F625475AAF00482339 /* ExerciseSummary.swift */,
				0F3F9B162547832100FB9477 /* ExerciseEditor.swift */,
				0F7439FF2548F88F00FAA9D5 /* ImagePicker.swift */,
			);
			path = Exercise;
			sourceTree = "<group>";
		};
		0F868A00254751C700FE85B9 /* Models */ = {
			isa = PBXGroup;
			children = (
				0F8689FA2547511A00FE85B9 /* Exercise.swift */,
				0F3F9B112547825D00FB9477 /* UserData.swift */,
			);
			path = Models;
			sourceTree = "<group>";
		};
/* End PBXGroup section */

/* Begin PBXNativeTarget section */
		0F8689BC2547377200FE85B9 /* Praxi */ = {
			isa = PBXNativeTarget;
			buildConfigurationList = 0F8689E22547377300FE85B9 /* Build configuration list for PBXNativeTarget "Praxi" */;
			buildPhases = (
				0F8689B92547377200FE85B9 /* Sources */,
				0F8689BA2547377200FE85B9 /* Frameworks */,
				0F8689BB2547377200FE85B9 /* Resources */,
			);
			buildRules = (
			);
			dependencies = (
			);
			name = Praxi;
			productName = Praxi;
			productReference = 0F8689BD2547377200FE85B9 /* Praxi.app */;
			productType = "com.apple.product-type.application";
		};
		0F8689CD2547377300FE85B9 /* PraxiTests */ = {
			isa = PBXNativeTarget;
			buildConfigurationList = 0F8689E52547377300FE85B9 /* Build configuration list for PBXNativeTarget "PraxiTests" */;
			buildPhases = (
				0F8689CA2547377300FE85B9 /* Sources */,
				0F8689CB2547377300FE85B9 /* Frameworks */,
				0F8689CC2547377300FE85B9 /* Resources */,
			);
			buildRules = (
			);
			dependencies = (
				0F8689D02547377300FE85B9 /* PBXTargetDependency */,
			);
			name = PraxiTests;
			productName = PraxiTests;
			productReference = 0F8689CE2547377300FE85B9 /* PraxiTests.xctest */;
			productType = "com.apple.product-type.bundle.unit-test";
		};
		0F8689D82547377300FE85B9 /* PraxiUITests */ = {
			isa = PBXNativeTarget;
			buildConfigurationList = 0F8689E82547377300FE85B9 /* Build configuration list for PBXNativeTarget "PraxiUITests" */;
			buildPhases = (
				0F8689D52547377300FE85B9 /* Sources */,
				0F8689D62547377300FE85B9 /* Frameworks */,
				0F8689D72547377300FE85B9 /* Resources */,
			);
			buildRules = (
			);
			dependencies = (
				0F8689DB2547377300FE85B9 /* PBXTargetDependency */,
			);
			name = PraxiUITests;
			productName = PraxiUITests;
			productReference = 0F8689D92547377300FE85B9 /* PraxiUITests.xctest */;
			productType = "com.apple.product-type.bundle.ui-testing";
		};
/* End PBXNativeTarget section */

/* Begin PBXProject section */
		0F8689B52547377200FE85B9 /* Project object */ = {
			isa = PBXProject;
			attributes = {
				LastSwiftUpdateCheck = 1210;
				LastUpgradeCheck = 1210;
				TargetAttributes = {
					0F8689BC2547377200FE85B9 = {
						CreatedOnToolsVersion = 12.1;
					};
					0F8689CD2547377300FE85B9 = {
						CreatedOnToolsVersion = 12.1;
						TestTargetID = 0F8689BC2547377200FE85B9;
					};
					0F8689D82547377300FE85B9 = {
						CreatedOnToolsVersion = 12.1;
						TestTargetID = 0F8689BC2547377200FE85B9;
					};
				};
			};
			buildConfigurationList = 0F8689B82547377200FE85B9 /* Build configuration list for PBXProject "Praxi" */;
			compatibilityVersion = "Xcode 9.3";
			developmentRegion = en;
			hasScannedForEncodings = 0;
			knownRegions = (
				en,
				Base,
			);
			mainGroup = 0F8689B42547377200FE85B9;
			productRefGroup = 0F8689BE2547377200FE85B9 /* Products */;
			projectDirPath = "";
			projectRoot = "";
			targets = (
				0F8689BC2547377200FE85B9 /* Praxi */,
				0F8689CD2547377300FE85B9 /* PraxiTests */,
				0F8689D82547377300FE85B9 /* PraxiUITests */,
			);
		};
/* End PBXProject section */

/* Begin PBXResourcesBuildPhase section */
		0F8689BB2547377200FE85B9 /* Resources */ = {
			isa = PBXResourcesBuildPhase;
			buildActionMask = 2147483647;
			files = (
				0F8689C82547377300FE85B9 /* Preview Assets.xcassets in Resources */,
				0F8689C52547377300FE85B9 /* Assets.xcassets in Resources */,
			);
			runOnlyForDeploymentPostprocessing = 0;
		};
		0F8689CC2547377300FE85B9 /* Resources */ = {
			isa = PBXResourcesBuildPhase;
			buildActionMask = 2147483647;
			files = (
			);
			runOnlyForDeploymentPostprocessing = 0;
		};
		0F8689D72547377300FE85B9 /* Resources */ = {
			isa = PBXResourcesBuildPhase;
			buildActionMask = 2147483647;
			files = (
			);
			runOnlyForDeploymentPostprocessing = 0;
		};
/* End PBXResourcesBuildPhase section */

/* Begin PBXSourcesBuildPhase section */
		0F8689B92547377200FE85B9 /* Sources */ = {
			isa = PBXSourcesBuildPhase;
			buildActionMask = 2147483647;
			files = (
				0F3F9B122547825D00FB9477 /* UserData.swift in Sources */,
				0F8689C32547377200FE85B9 /* ContentView.swift in Sources */,
				0F8689FB2547511A00FE85B9 /* Exercise.swift in Sources */,
				0F3F9B172547832100FB9477 /* ExerciseEditor.swift in Sources */,
				0FFEE4F725475AAF00482339 /* ExerciseSummary.swift in Sources */,
				0F743A002548F88F00FAA9D5 /* ImagePicker.swift in Sources */,
				0F8689C12547377200FE85B9 /* PraxiApp.swift in Sources */,
				0F8689F02547381200FE85B9 /* ExerciseHost.swift in Sources */,
			);
			runOnlyForDeploymentPostprocessing = 0;
		};
		0F8689CA2547377300FE85B9 /* Sources */ = {
			isa = PBXSourcesBuildPhase;
			buildActionMask = 2147483647;
			files = (
				0F8689D32547377300FE85B9 /* PraxiTests.swift in Sources */,
			);
			runOnlyForDeploymentPostprocessing = 0;
		};
		0F8689D52547377300FE85B9 /* Sources */ = {
			isa = PBXSourcesBuildPhase;
			buildActionMask = 2147483647;
			files = (
				0F8689DE2547377300FE85B9 /* PraxiUITests.swift in Sources */,
			);
			runOnlyForDeploymentPostprocessing = 0;
		};
/* End PBXSourcesBuildPhase section */

/* Begin PBXTargetDependency section */
		0F8689D02547377300FE85B9 /* PBXTargetDependency */ = {
			isa = PBXTargetDependency;
			target = 0F8689BC2547377200FE85B9 /* Praxi */;
			targetProxy = 0F8689CF2547377300FE85B9 /* PBXContainerItemProxy */;
		};
		0F8689DB2547377300FE85B9 /* PBXTargetDependency */ = {
			isa = PBXTargetDependency;
			target = 0F8689BC2547377200FE85B9 /* Praxi */;
			targetProxy = 0F8689DA2547377300FE85B9 /* PBXContainerItemProxy */;
		};
/* End PBXTargetDependency section */

/* Begin XCBuildConfiguration section */
		0F8689E02547377300FE85B9 /* Debug */ = {
			isa = XCBuildConfiguration;
			buildSettings = {
				ALWAYS_SEARCH_USER_PATHS = NO;
				CLANG_ANALYZER_NONNULL = YES;
				CLANG_ANALYZER_NUMBER_OBJECT_CONVERSION = YES_AGGRESSIVE;
				CLANG_CXX_LANGUAGE_STANDARD = "gnu++14";
				CLANG_CXX_LIBRARY = "libc++";
				CLANG_ENABLE_MODULES = YES;
				CLANG_ENABLE_OBJC_ARC = YES;
				CLANG_ENABLE_OBJC_WEAK = YES;
				CLANG_WARN_BLOCK_CAPTURE_AUTORELEASING = YES;
				CLANG_WARN_BOOL_CONVERSION = YES;
				CLANG_WARN_COMMA = YES;
				CLANG_WARN_CONSTANT_CONVERSION = YES;
				CLANG_WARN_DEPRECATED_OBJC_IMPLEMENTATIONS = YES;
				CLANG_WARN_DIRECT_OBJC_ISA_USAGE = YES_ERROR;
				CLANG_WARN_DOCUMENTATION_COMMENTS = YES;
				CLANG_WARN_EMPTY_BODY = YES;
				CLANG_WARN_ENUM_CONVERSION = YES;
				CLANG_WARN_INFINITE_RECURSION = YES;
				CLANG_WARN_INT_CONVERSION = YES;
				CLANG_WARN_NON_LITERAL_NULL_CONVERSION = YES;
				CLANG_WARN_OBJC_IMPLICIT_RETAIN_SELF = YES;
				CLANG_WARN_OBJC_LITERAL_CONVERSION = YES;
				CLANG_WARN_OBJC_ROOT_CLASS = YES_ERROR;
				CLANG_WARN_QUOTED_INCLUDE_IN_FRAMEWORK_HEADER = YES;
				CLANG_WARN_RANGE_LOOP_ANALYSIS = YES;
				CLANG_WARN_STRICT_PROTOTYPES = YES;
				CLANG_WARN_SUSPICIOUS_MOVE = YES;
				CLANG_WARN_UNGUARDED_AVAILABILITY = YES_AGGRESSIVE;
				CLANG_WARN_UNREACHABLE_CODE = YES;
				CLANG_WARN__DUPLICATE_METHOD_MATCH = YES;
				COPY_PHASE_STRIP = NO;
				DEBUG_INFORMATION_FORMAT = dwarf;
				ENABLE_STRICT_OBJC_MSGSEND = YES;
				ENABLE_TESTABILITY = YES;
				GCC_C_LANGUAGE_STANDARD = gnu11;
				GCC_DYNAMIC_NO_PIC = NO;
				GCC_NO_COMMON_BLOCKS = YES;
				GCC_OPTIMIZATION_LEVEL = 0;
				GCC_PREPROCESSOR_DEFINITIONS = (
					"DEBUG=1",
					"$(inherited)",
				);
				GCC_WARN_64_TO_32_BIT_CONVERSION = YES;
				GCC_WARN_ABOUT_RETURN_TYPE = YES_ERROR;
				GCC_WARN_UNDECLARED_SELECTOR = YES;
				GCC_WARN_UNINITIALIZED_AUTOS = YES_AGGRESSIVE;
				GCC_WARN_UNUSED_FUNCTION = YES;
				GCC_WARN_UNUSED_VARIABLE = YES;
				IPHONEOS_DEPLOYMENT_TARGET = 14.1;
				MTL_ENABLE_DEBUG_INFO = INCLUDE_SOURCE;
				MTL_FAST_MATH = YES;
				ONLY_ACTIVE_ARCH = YES;
				SDKROOT = iphoneos;
				SWIFT_ACTIVE_COMPILATION_CONDITIONS = DEBUG;
				SWIFT_OPTIMIZATION_LEVEL = "-Onone";
			};
			name = Debug;
		};
		0F8689E12547377300FE85B9 /* Release */ = {
			isa = XCBuildConfiguration;
			buildSettings = {
				ALWAYS_SEARCH_USER_PATHS = NO;
				CLANG_ANALYZER_NONNULL = YES;
				CLANG_ANALYZER_NUMBER_OBJECT_CONVERSION = YES_AGGRESSIVE;
				CLANG_CXX_LANGUAGE_STANDARD = "gnu++14";
				CLANG_CXX_LIBRARY = "libc++";
				CLANG_ENABLE_MODULES = YES;
				CLANG_ENABLE_OBJC_ARC = YES;
				CLANG_ENABLE_OBJC_WEAK = YES;
				CLANG_WARN_BLOCK_CAPTURE_AUTORELEASING = YES;
				CLANG_WARN_BOOL_CONVERSION = YES;
				CLANG_WARN_COMMA = YES;
				CLANG_WARN_CONSTANT_CONVERSION = YES;
				CLANG_WARN_DEPRECATED_OBJC_IMPLEMENTATIONS = YES;
				CLANG_WARN_DIRECT_OBJC_ISA_USAGE = YES_ERROR;
				CLANG_WARN_DOCUMENTATION_COMMENTS = YES;
				CLANG_WARN_EMPTY_BODY = YES;
				CLANG_WARN_ENUM_CONVERSION = YES;
				CLANG_WARN_INFINITE_RECURSION = YES;
				CLANG_WARN_INT_CONVERSION = YES;
				CLANG_WARN_NON_LITERAL_NULL_CONVERSION = YES;
				CLANG_WARN_OBJC_IMPLICIT_RETAIN_SELF = YES;
				CLANG_WARN_OBJC_LITERAL_CONVERSION = YES;
				CLANG_WARN_OBJC_ROOT_CLASS = YES_ERROR;
				CLANG_WARN_QUOTED_INCLUDE_IN_FRAMEWORK_HEADER = YES;
				CLANG_WARN_RANGE_LOOP_ANALYSIS = YES;
				CLANG_WARN_STRICT_PROTOTYPES = YES;
				CLANG_WARN_SUSPICIOUS_MOVE = YES;
				CLANG_WARN_UNGUARDED_AVAILABILITY = YES_AGGRESSIVE;
				CLANG_WARN_UNREACHABLE_CODE = YES;
				CLANG_WARN__DUPLICATE_METHOD_MATCH = YES;
				COPY_PHASE_STRIP = NO;
				DEBUG_INFORMATION_FORMAT = "dwarf-with-dsym";
				ENABLE_NS_ASSERTIONS = NO;
				ENABLE_STRICT_OBJC_MSGSEND = YES;
				GCC_C_LANGUAGE_STANDARD = gnu11;
				GCC_NO_COMMON_BLOCKS = YES;
				GCC_WARN_64_TO_32_BIT_CONVERSION = YES;
				GCC_WARN_ABOUT_RETURN_TYPE = YES_ERROR;
				GCC_WARN_UNDECLARED_SELECTOR = YES;
				GCC_WARN_UNINITIALIZED_AUTOS = YES_AGGRESSIVE;
				GCC_WARN_UNUSED_FUNCTION = YES;
				GCC_WARN_UNUSED_VARIABLE = YES;
				IPHONEOS_DEPLOYMENT_TARGET = 14.1;
				MTL_ENABLE_DEBUG_INFO = NO;
				MTL_FAST_MATH = YES;
				SDKROOT = iphoneos;
				SWIFT_COMPILATION_MODE = wholemodule;
				SWIFT_OPTIMIZATION_LEVEL = "-O";
				VALIDATE_PRODUCT = YES;
			};
			name = Release;
		};
		0F8689E32547377300FE85B9 /* Debug */ = {
			isa = XCBuildConfiguration;
			buildSettings = {
				ASSETCATALOG_COMPILER_APPICON_NAME = AppIcon;
				ASSETCATALOG_COMPILER_GLOBAL_ACCENT_COLOR_NAME = AccentColor;
				CODE_SIGN_STYLE = Automatic;
				DEVELOPMENT_ASSET_PATHS = "\"Praxi/Preview Content\"";
				DEVELOPMENT_TEAM = 6N8PTDJ4WL;
				ENABLE_PREVIEWS = YES;
				INFOPLIST_FILE = Praxi/Info.plist;
				IPHONEOS_DEPLOYMENT_TARGET = 14.0;
				LD_RUNPATH_SEARCH_PATHS = (
					"$(inherited)",
					"@executable_path/Frameworks",
				);
				PRODUCT_BUNDLE_IDENTIFIER = com.gusmurphy.Praxi;
				PRODUCT_NAME = "$(TARGET_NAME)";
				SWIFT_VERSION = 5.0;
				TARGETED_DEVICE_FAMILY = "1,2";
			};
			name = Debug;
		};
		0F8689E42547377300FE85B9 /* Release */ = {
			isa = XCBuildConfiguration;
			buildSettings = {
				ASSETCATALOG_COMPILER_APPICON_NAME = AppIcon;
				ASSETCATALOG_COMPILER_GLOBAL_ACCENT_COLOR_NAME = AccentColor;
				CODE_SIGN_STYLE = Automatic;
				DEVELOPMENT_ASSET_PATHS = "\"Praxi/Preview Content\"";
				DEVELOPMENT_TEAM = 6N8PTDJ4WL;
				ENABLE_PREVIEWS = YES;
				INFOPLIST_FILE = Praxi/Info.plist;
				IPHONEOS_DEPLOYMENT_TARGET = 14.0;
				LD_RUNPATH_SEARCH_PATHS = (
					"$(inherited)",
					"@executable_path/Frameworks",
				);
				PRODUCT_BUNDLE_IDENTIFIER = com.gusmurphy.Praxi;
				PRODUCT_NAME = "$(TARGET_NAME)";
				SWIFT_VERSION = 5.0;
				TARGETED_DEVICE_FAMILY = "1,2";
			};
			name = Release;
		};
		0F8689E62547377300FE85B9 /* Debug */ = {
			isa = XCBuildConfiguration;
			buildSettings = {
				ALWAYS_EMBED_SWIFT_STANDARD_LIBRARIES = YES;
				BUNDLE_LOADER = "$(TEST_HOST)";
				CODE_SIGN_STYLE = Automatic;
				DEVELOPMENT_TEAM = 6N8PTDJ4WL;
				INFOPLIST_FILE = PraxiTests/Info.plist;
				IPHONEOS_DEPLOYMENT_TARGET = 14.0;
				LD_RUNPATH_SEARCH_PATHS = (
					"$(inherited)",
					"@executable_path/Frameworks",
					"@loader_path/Frameworks",
				);
				PRODUCT_BUNDLE_IDENTIFIER = com.gusmurphy.PraxiTests;
				PRODUCT_NAME = "$(TARGET_NAME)";
				SWIFT_VERSION = 5.0;
				TARGETED_DEVICE_FAMILY = "1,2";
				TEST_HOST = "$(BUILT_PRODUCTS_DIR)/Praxi.app/Praxi";
			};
			name = Debug;
		};
		0F8689E72547377300FE85B9 /* Release */ = {
			isa = XCBuildConfiguration;
			buildSettings = {
				ALWAYS_EMBED_SWIFT_STANDARD_LIBRARIES = YES;
				BUNDLE_LOADER = "$(TEST_HOST)";
				CODE_SIGN_STYLE = Automatic;
				DEVELOPMENT_TEAM = 6N8PTDJ4WL;
				INFOPLIST_FILE = PraxiTests/Info.plist;
				IPHONEOS_DEPLOYMENT_TARGET = 14.0;
				LD_RUNPATH_SEARCH_PATHS = (
					"$(inherited)",
					"@executable_path/Frameworks",
					"@loader_path/Frameworks",
				);
				PRODUCT_BUNDLE_IDENTIFIER = com.gusmurphy.PraxiTests;
				PRODUCT_NAME = "$(TARGET_NAME)";
				SWIFT_VERSION = 5.0;
				TARGETED_DEVICE_FAMILY = "1,2";
				TEST_HOST = "$(BUILT_PRODUCTS_DIR)/Praxi.app/Praxi";
			};
			name = Release;
		};
		0F8689E92547377300FE85B9 /* Debug */ = {
			isa = XCBuildConfiguration;
			buildSettings = {
				ALWAYS_EMBED_SWIFT_STANDARD_LIBRARIES = YES;
				CODE_SIGN_STYLE = Automatic;
				DEVELOPMENT_TEAM = 6N8PTDJ4WL;
				INFOPLIST_FILE = PraxiUITests/Info.plist;
				LD_RUNPATH_SEARCH_PATHS = (
					"$(inherited)",
					"@executable_path/Frameworks",
					"@loader_path/Frameworks",
				);
				PRODUCT_BUNDLE_IDENTIFIER = com.gusmurphy.PraxiUITests;
				PRODUCT_NAME = "$(TARGET_NAME)";
				SWIFT_VERSION = 5.0;
				TARGETED_DEVICE_FAMILY = "1,2";
				TEST_TARGET_NAME = Praxi;
			};
			name = Debug;
		};
		0F8689EA2547377300FE85B9 /* Release */ = {
			isa = XCBuildConfiguration;
			buildSettings = {
				ALWAYS_EMBED_SWIFT_STANDARD_LIBRARIES = YES;
				CODE_SIGN_STYLE = Automatic;
				DEVELOPMENT_TEAM = 6N8PTDJ4WL;
				INFOPLIST_FILE = PraxiUITests/Info.plist;
				LD_RUNPATH_SEARCH_PATHS = (
					"$(inherited)",
					"@executable_path/Frameworks",
					"@loader_path/Frameworks",
				);
				PRODUCT_BUNDLE_IDENTIFIER = com.gusmurphy.PraxiUITests;
				PRODUCT_NAME = "$(TARGET_NAME)";
				SWIFT_VERSION = 5.0;
				TARGETED_DEVICE_FAMILY = "1,2";
				TEST_TARGET_NAME = Praxi;
			};
			name = Release;
		};
/* End XCBuildConfiguration section */

/* Begin XCConfigurationList section */
		0F8689B82547377200FE85B9 /* Build configuration list for PBXProject "Praxi" */ = {
			isa = XCConfigurationList;
			buildConfigurations = (
				0F8689E02547377300FE85B9 /* Debug */,
				0F8689E12547377300FE85B9 /* Release */,
			);
			defaultConfigurationIsVisible = 0;
			defaultConfigurationName = Release;
		};
		0F8689E22547377300FE85B9 /* Build configuration list for PBXNativeTarget "Praxi" */ = {
			isa = XCConfigurationList;
			buildConfigurations = (
				0F8689E32547377300FE85B9 /* Debug */,
				0F8689E42547377300FE85B9 /* Release */,
			);
			defaultConfigurationIsVisible = 0;
			defaultConfigurationName = Release;
		};
		0F8689E52547377300FE85B9 /* Build configuration list for PBXNativeTarget "PraxiTests" */ = {
			isa = XCConfigurationList;
			buildConfigurations = (
				0F8689E62547377300FE85B9 /* Debug */,
				0F8689E72547377300FE85B9 /* Release */,
			);
			defaultConfigurationIsVisible = 0;
			defaultConfigurationName = Release;
		};
		0F8689E82547377300FE85B9 /* Build configuration list for PBXNativeTarget "PraxiUITests" */ = {
			isa = XCConfigurationList;
			buildConfigurations = (
				0F8689E92547377300FE85B9 /* Debug */,
				0F8689EA2547377300FE85B9 /* Release */,
			);
			defaultConfigurationIsVisible = 0;
			defaultConfigurationName = Release;
		};
/* End XCConfigurationList section */
	};
	rootObject = 0F8689B52547377200FE85B9 /* Project object */;
}
